
Microsoft Visual Studio Solution File, Format Version 12.00
# Visual Studio Version 17
VisualStudioVersion = 17.8.34525.116
MinimumVisualStudioVersion = 10.0.40219.1
Project("{FAE04EC0-301F-11D3-BF4B-00C04F79EFBC}") = "Resto-API", "Resto-API\Resto-API.csproj", "{0FDC64A2-12C3-4237-B860-BAB90EDC58CE}"
EndProject
Project("{FAE04EC0-301F-11D3-BF4B-00C04F79EFBC}") = "Resto-Client", "Resto-Client\Resto-Client.csproj", "{E56E7505-C0C3-459C-9BEB-B9A2913D1920}"
EndProject
Global
	GlobalSection(SolutionConfigurationPlatforms) = preSolution
		Debug|Any CPU = Debug|Any CPU
		Release|Any CPU = Release|Any CPU
	EndGlobalSection
	GlobalSection(ProjectConfigurationPlatforms) = postSolution
		{0FDC64A2-12C3-4237-B860-BAB90EDC58CE}.Debug|Any CPU.ActiveCfg = Debug|Any CPU
		{0FDC64A2-12C3-4237-B860-BAB90EDC58CE}.Debug|Any CPU.Build.0 = Debug|Any CPU
		{0FDC64A2-12C3-4237-B860-BAB90EDC58CE}.Release|Any CPU.ActiveCfg = Release|Any CPU
		{0FDC64A2-12C3-4237-B860-BAB90EDC58CE}.Release|Any CPU.Build.0 = Release|Any CPU
		{E56E7505-C0C3-459C-9BEB-B9A2913D1920}.Debug|Any CPU.ActiveCfg = Debug|Any CPU
		{E56E7505-C0C3-459C-9BEB-B9A2913D1920}.Debug|Any CPU.Build.0 = Debug|Any CPU
		{E56E7505-C0C3-459C-9BEB-B9A2913D1920}.Release|Any CPU.ActiveCfg = Release|Any CPU
		{E56E7505-C0C3-459C-9BEB-B9A2913D1920}.Release|Any CPU.Build.0 = Release|Any CPU
	EndGlobalSection
	GlobalSection(SolutionProperties) = preSolution
		HideSolutionNode = FALSE
	EndGlobalSection
	GlobalSection(ExtensibilityGlobals) = postSolution
		SolutionGuid = {E9535A1D-5AF1-490F-BB47-BA4032F24F97}
	EndGlobalSection
EndGlobal
